
Microsoft Visual Studio Solution File, Format Version 12.00
# Visual Studio Version 16
VisualStudioVersion = 16.0.31624.102
MinimumVisualStudioVersion = 10.0.40219.1
Project("{9A19103F-16F7-4668-BE54-9A1E7A4F7556}") = "email", "email\email.csproj", "{59E35EBC-BB96-410E-9205-F06ED8F03C7A}"
EndProject
Project("{FAE04EC0-301F-11D3-BF4B-00C04F79EFBC}") = "MailForm", "MailForm\MailForm.csproj", "{24095B08-7A41-4479-8EA8-3786E6F31A89}"
EndProject
Global
	GlobalSection(SolutionConfigurationPlatforms) = preSolution
		Debug|Any CPU = Debug|Any CPU
		Release|Any CPU = Release|Any CPU
	EndGlobalSection
	GlobalSection(ProjectConfigurationPlatforms) = postSolution
		{59E35EBC-BB96-410E-9205-F06ED8F03C7A}.Debug|Any CPU.ActiveCfg = Debug|Any CPU
		{59E35EBC-BB96-410E-9205-F06ED8F03C7A}.Debug|Any CPU.Build.0 = Debug|Any CPU
		{59E35EBC-BB96-410E-9205-F06ED8F03C7A}.Release|Any CPU.ActiveCfg = Release|Any CPU
		{59E35EBC-BB96-410E-9205-F06ED8F03C7A}.Release|Any CPU.Build.0 = Release|Any CPU
		{24095B08-7A41-4479-8EA8-3786E6F31A89}.Debug|Any CPU.ActiveCfg = Debug|Any CPU
		{24095B08-7A41-4479-8EA8-3786E6F31A89}.Debug|Any CPU.Build.0 = Debug|Any CPU
		{24095B08-7A41-4479-8EA8-3786E6F31A89}.Release|Any CPU.ActiveCfg = Release|Any CPU
		{24095B08-7A41-4479-8EA8-3786E6F31A89}.Release|Any CPU.Build.0 = Release|Any CPU
	EndGlobalSection
	GlobalSection(SolutionProperties) = preSolution
		HideSolutionNode = FALSE
	EndGlobalSection
	GlobalSection(ExtensibilityGlobals) = postSolution
		SolutionGuid = {C20C54A3-A5F5-4EDD-A216-3E78B6051C81}
	EndGlobalSection
EndGlobal
